// !$*UTF8*$!
{
	archiveVersion = 1;
	classes = {
	};
	objectVersion = 77;
	objects = {

/* Begin PBXContainerItemProxy section */
		049E8ABC2F30E7BE007BAB05 /* PBXContainerItemProxy */ = {
			isa = PBXContainerItemProxy;
			containerPortal = 049E8AA62F30E7BD007BAB05 /* Project object */;
			proxyType = 1;
			remoteGlobalIDString = 049E8AAD2F30E7BD007BAB05;
			remoteInfo = Kiko;
		};
		049E8AC62F30E7BE007BAB05 /* PBXContainerItemProxy */ = {
			isa = PBXContainerItemProxy;
			containerPortal = 049E8AA62F30E7BD007BAB05 /* Project object */;
			proxyType = 1;
			remoteGlobalIDString = 049E8AAD2F30E7BD007BAB05;
			remoteInfo = Kiko;
		};
/* End PBXContainerItemProxy section */

/* Begin PBXFileReference section */
		049E8AAE2F30E7BD007BAB05 /* Kiko.app */ = {isa = PBXFileReference; explicitFileType = wrapper.application; includeInIndex = 0; path = Kiko.app; sourceTree = BUILT_PRODUCTS_DIR; };
		049E8ABB2F30E7BE007BAB05 /* KikoTests.xctest */ = {isa = PBXFileReference; explicitFileType = wrapper.cfbundle; includeInIndex = 0; path = KikoTests.xctest; sourceTree = BUILT_PRODUCTS_DIR; };
		049E8AC52F30E7BE007BAB05 /* KikoUITests.xctest */ = {isa = PBXFileReference; explicitFileType = wrapper.cfbundle; includeInIndex = 0; path = KikoUITests.xctest; sourceTree = BUILT_PRODUCTS_DIR; };
/* End PBXFileReference section */

/* Begin PBXFileSystemSynchronizedRootGroup section */
		049E8AB02F30E7BD007BAB05 /* Kiko */ = {
			isa = PBXFileSystemSynchronizedRootGroup;
			path = Kiko;
			sourceTree = "<group>";
		};
		049E8ABE2F30E7BE007BAB05 /* KikoTests */ = {
			isa = PBXFileSystemSynchronizedRootGroup;
			path = KikoTests;
			sourceTree = "<group>";
		};
		049E8AC82F30E7BE007BAB05 /* KikoUITests */ = {
			isa = PBXFileSystemSynchronizedRootGroup;
			path = KikoUITests;
			sourceTree = "<group>";
		};
/* End PBXFileSystemSynchronizedRootGroup section */

/* Begin PBXFrameworksBuildPhase section */
		049E8AAB2F30E7BD007BAB05 /* Frameworks */ = {
			isa = PBXFrameworksBuildPhase;
			buildActionMask = 2147483647;
			files = (
			);
			runOnlyForDeploymentPostprocessing = 0;
		};
		049E8AB82F30E7BE007BAB05 /* Frameworks */ = {
			isa = PBXFrameworksBuildPhase;
			buildActionMask = 2147483647;
			files = (
			);
			runOnlyForDeploymentPostprocessing = 0;
		};
		049E8AC22F30E7BE007BAB05 /* Frameworks */ = {
			isa = PBXFrameworksBuildPhase;
			buildActionMask = 2147483647;
			files = (
			);
			runOnlyForDeploymentPostprocessing = 0;
		};
/* End PBXFrameworksBuildPhase section */

/* Begin PBXGroup section */
		049E8AA52F30E7BD007BAB05 = {
			isa = PBXGroup;
			children = (
				049E8AB02F30E7BD007BAB05 /* Kiko */,
				049E8ABE2F30E7BE007BAB05 /* KikoTests */,
				049E8AC82F30E7BE007BAB05 /* KikoUITests */,
				049E8AAF2F30E7BD007BAB05 /* Products */,
			);
			sourceTree = "<group>";
		};
		049E8AAF2F30E7BD007BAB05 /* Products */ = {
			isa = PBXGroup;
			children = (
				049E8AAE2F30E7BD007BAB05 /* Kiko.app */,
				049E8ABB2F30E7BE007BAB05 /* KikoTests.xctest */,
				049E8AC52F30E7BE007BAB05 /* KikoUITests.xctest */,
			);
			name = Products;
			sourceTree = "<group>";
		};
/* End PBXGroup section */

/* Begin PBXNativeTarget section */
		049E8AAD2F30E7BD007BAB05 /* Kiko */ = {
			isa = PBXNativeTarget;
			buildConfigurationList = 049E8ACF2F30E7BE007BAB05 /* Build configuration list for PBXNativeTarget "Kiko" */;
			buildPhases = (
				049E8AAA2F30E7BD007BAB05 /* Sources */,
				049E8AAB2F30E7BD007BAB05 /* Frameworks */,
				049E8AAC2F30E7BD007BAB05 /* Resources */,
			);
			buildRules = (
			);
			dependencies = (
			);
			fileSystemSynchronizedGroups = (
				049E8AB02F30E7BD007BAB05 /* Kiko */,
			);
			name = Kiko;
			packageProductDependencies = (
			);
			productName = Kiko;
			productReference = 049E8AAE2F30E7BD007BAB05 /* Kiko.app */;
			productType = "com.apple.product-type.application";
		};
		049E8ABA2F30E7BE007BAB05 /* KikoTests */ = {
			isa = PBXNativeTarget;
			buildConfigurationList = 049E8AD22F30E7BE007BAB05 /* Build configuration list for PBXNativeTarget "KikoTests" */;
			buildPhases = (
				049E8AB72F30E7BE007BAB05 /* Sources */,
				049E8AB82F30E7BE007BAB05 /* Frameworks */,
				049E8AB92F30E7BE007BAB05 /* Resources */,
			);
			buildRules = (
			);
			dependencies = (
				049E8ABD2F30E7BE007BAB05 /* PBXTargetDependency */,
			);
			fileSystemSynchronizedGroups = (
				049E8ABE2F30E7BE007BAB05 /* KikoTests */,
			);
			name = KikoTests;
			packageProductDependencies = (
			);
			productName = KikoTests;
			productReference = 049E8ABB2F30E7BE007BAB05 /* KikoTests.xctest */;
			productType = "com.apple.product-type.bundle.unit-test";
		};
		049E8AC42F30E7BE007BAB05 /* KikoUITests */ = {
			isa = PBXNativeTarget;
			buildConfigurationList = 049E8AD52F30E7BE007BAB05 /* Build configuration list for PBXNativeTarget "KikoUITests" */;
			buildPhases = (
				049E8AC12F30E7BE007BAB05 /* Sources */,
				049E8AC22F30E7BE007BAB05 /* Frameworks */,
				049E8AC32F30E7BE007BAB05 /* Resources */,
			);
			buildRules = (
			);
			dependencies = (
				049E8AC72F30E7BE007BAB05 /* PBXTargetDependency */,
			);
			fileSystemSynchronizedGroups = (
				049E8AC82F30E7BE007BAB05 /* KikoUITests */,
			);
			name = KikoUITests;
			packageProductDependencies = (
			);
			productName = KikoUITests;
			productReference = 049E8AC52F30E7BE007BAB05 /* KikoUITests.xctest */;
			productType = "com.apple.product-type.bundle.ui-testing";
		};
/* End PBXNativeTarget section */

/* Begin PBXProject section */
		049E8AA62F30E7BD007BAB05 /* Project object */ = {
			isa = PBXProject;
			attributes = {
				BuildIndependentTargetsInParallel = 1;
				LastSwiftUpdateCheck = 2620;
				LastUpgradeCheck = 2620;
				TargetAttributes = {
					049E8AAD2F30E7BD007BAB05 = {
						CreatedOnToolsVersion = 26.2;
					};
					049E8ABA2F30E7BE007BAB05 = {
						CreatedOnToolsVersion = 26.2;
						TestTargetID = 049E8AAD2F30E7BD007BAB05;
					};
					049E8AC42F30E7BE007BAB05 = {
						CreatedOnToolsVersion = 26.2;
						TestTargetID = 049E8AAD2F30E7BD007BAB05;
					};
				};
			};
			buildConfigurationList = 049E8AA92F30E7BD007BAB05 /* Build configuration list for PBXProject "Kiko" */;
			developmentRegion = en;
			hasScannedForEncodings = 0;
			knownRegions = (
				en,
				Base,
			);
			mainGroup = 049E8AA52F30E7BD007BAB05;
			minimizedProjectReferenceProxies = 1;
			preferredProjectObjectVersion = 77;
			productRefGroup = 049E8AAF2F30E7BD007BAB05 /* Products */;
			projectDirPath = "";
			projectRoot = "";
			targets = (
				049E8AAD2F30E7BD007BAB05 /* Kiko */,
				049E8ABA2F30E7BE007BAB05 /* KikoTests */,
				049E8AC42F30E7BE007BAB05 /* KikoUITests */,
			);
		};
/* End PBXProject section */

/* Begin PBXResourcesBuildPhase section */
		049E8AAC2F30E7BD007BAB05 /* Resources */ = {
			isa = PBXResourcesBuildPhase;
			buildActionMask = 2147483647;
			files = (
			);
			runOnlyForDeploymentPostprocessing = 0;
		};
		049E8AB92F30E7BE007BAB05 /* Resources */ = {
			isa = PBXResourcesBuildPhase;
			buildActionMask = 2147483647;
			files = (
			);
			runOnlyForDeploymentPostprocessing = 0;
		};
		049E8AC32F30E7BE007BAB05 /* Resources */ = {
			isa = PBXResourcesBuildPhase;
			buildActionMask = 2147483647;
			files = (
			);
			runOnlyForDeploymentPostprocessing = 0;
		};
/* End PBXResourcesBuildPhase section */

/* Begin PBXSourcesBuildPhase section */
		049E8AAA2F30E7BD007BAB05 /* Sources */ = {
			isa = PBXSourcesBuildPhase;
			buildActionMask = 2147483647;
			files = (
			);
			runOnlyForDeploymentPostprocessing = 0;
		};
		049E8AB72F30E7BE007BAB05 /* Sources */ = {
			isa = PBXSourcesBuildPhase;
			buildActionMask = 2147483647;
			files = (
			);
			runOnlyForDeploymentPostprocessing = 0;
		};
		049E8AC12F30E7BE007BAB05 /* Sources */ = {
			isa = PBXSourcesBuildPhase;
			buildActionMask = 2147483647;
			files = (
			);
			runOnlyForDeploymentPostprocessing = 0;
		};
/* End PBXSourcesBuildPhase section */

/* Begin PBXTargetDependency section */
		049E8ABD2F30E7BE007BAB05 /* PBXTargetDependency */ = {
			isa = PBXTargetDependency;
			target = 049E8AAD2F30E7BD007BAB05 /* Kiko */;
			targetProxy = 049E8ABC2F30E7BE007BAB05 /* PBXContainerItemProxy */;
		};
		049E8AC72F30E7BE007BAB05 /* PBXTargetDependency */ = {
			isa = PBXTargetDependency;
			target = 049E8AAD2F30E7BD007BAB05 /* Kiko */;
			targetProxy = 049E8AC62F30E7BE007BAB05 /* PBXContainerItemProxy */;
		};
/* End PBXTargetDependency section */

/* Begin XCBuildConfiguration section */
		049E8ACD2F30E7BE007BAB05 /* Debug */ = {
			isa = XCBuildConfiguration;
			buildSettings = {
				ALWAYS_SEARCH_USER_PATHS = NO;
				ASSETCATALOG_COMPILER_GENERATE_SWIFT_ASSET_SYMBOL_EXTENSIONS = YES;
				CLANG_ANALYZER_NONNULL = YES;
				CLANG_ANALYZER_NUMBER_OBJECT_CONVERSION = YES_AGGRESSIVE;
				CLANG_CXX_LANGUAGE_STANDARD = "gnu++20";
				CLANG_ENABLE_MODULES = YES;
				CLANG_ENABLE_OBJC_ARC = YES;
				CLANG_ENABLE_OBJC_WEAK = YES;
				CLANG_WARN_BLOCK_CAPTURE_AUTORELEASING = YES;
				CLANG_WARN_BOOL_CONVERSION = YES;
				CLANG_WARN_COMMA = YES;
				CLANG_WARN_CONSTANT_CONVERSION = YES;
				CLANG_WARN_DEPRECATED_OBJC_IMPLEMENTATIONS = YES;
				CLANG_WARN_DIRECT_OBJC_ISA_USAGE = YES_ERROR;
				CLANG_WARN_DOCUMENTATION_COMMENTS = YES;
				CLANG_WARN_EMPTY_BODY = YES;
				CLANG_WARN_ENUM_CONVERSION = YES;
				CLANG_WARN_INFINITE_RECURSION = YES;
				CLANG_WARN_INT_CONVERSION = YES;
				CLANG_WARN_NON_LITERAL_NULL_CONVERSION = YES;
				CLANG_WARN_OBJC_IMPLICIT_RETAIN_SELF = YES;
				CLANG_WARN_OBJC_LITERAL_CONVERSION = YES;
				CLANG_WARN_OBJC_ROOT_CLASS = YES_ERROR;
				CLANG_WARN_QUOTED_INCLUDE_IN_FRAMEWORK_HEADER = YES;
				CLANG_WARN_RANGE_LOOP_ANALYSIS = YES;
				CLANG_WARN_STRICT_PROTOTYPES = YES;
				CLANG_WARN_SUSPICIOUS_MOVE = YES;
				CLANG_WARN_UNGUARDED_AVAILABILITY = YES_AGGRESSIVE;
				CLANG_WARN_UNREACHABLE_CODE = YES;
				CLANG_WARN__DUPLICATE_METHOD_MATCH = YES;
				COPY_PHASE_STRIP = NO;
				DEBUG_INFORMATION_FORMAT = dwarf;
				DEVELOPMENT_TEAM = PU96FA4AYM;
				ENABLE_STRICT_OBJC_MSGSEND = YES;
				ENABLE_TESTABILITY = YES;
				ENABLE_USER_SCRIPT_SANDBOXING = YES;
				GCC_C_LANGUAGE_STANDARD = gnu17;
				GCC_DYNAMIC_NO_PIC = NO;
				GCC_NO_COMMON_BLOCKS = YES;
				GCC_OPTIMIZATION_LEVEL = 0;
				GCC_PREPROCESSOR_DEFINITIONS = (
					"DEBUG=1",
					"$(inherited)",
				);
				GCC_WARN_64_TO_32_BIT_CONVERSION = YES;
				GCC_WARN_ABOUT_RETURN_TYPE = YES_ERROR;
				GCC_WARN_UNDECLARED_SELECTOR = YES;
				GCC_WARN_UNINITIALIZED_AUTOS = YES_AGGRESSIVE;
				GCC_WARN_UNUSED_FUNCTION = YES;
				GCC_WARN_UNUSED_VARIABLE = YES;
				LOCALIZATION_PREFERS_STRING_CATALOGS = YES;
				MACOSX_DEPLOYMENT_TARGET = 26.2;
				MTL_ENABLE_DEBUG_INFO = INCLUDE_SOURCE;
				MTL_FAST_MATH = YES;
				ONLY_ACTIVE_ARCH = YES;
				SDKROOT = macosx;
				SWIFT_ACTIVE_COMPILATION_CONDITIONS = "DEBUG $(inherited)";
				SWIFT_OPTIMIZATION_LEVEL = "-Onone";
			};
			name = Debug;
		};
		049E8ACE2F30E7BE007BAB05 /* Release */ = {
			isa = XCBuildConfiguration;
			buildSettings = {
				ALWAYS_SEARCH_USER_PATHS = NO;
				ASSETCATALOG_COMPILER_GENERATE_SWIFT_ASSET_SYMBOL_EXTENSIONS = YES;
				CLANG_ANALYZER_NONNULL = YES;
				CLANG_ANALYZER_NUMBER_OBJECT_CONVERSION = YES_AGGRESSIVE;
				CLANG_CXX_LANGUAGE_STANDARD = "gnu++20";
				CLANG_ENABLE_MODULES = YES;
				CLANG_ENABLE_OBJC_ARC = YES;
				CLANG_ENABLE_OBJC_WEAK = YES;
				CLANG_WARN_BLOCK_CAPTURE_AUTORELEASING = YES;
				CLANG_WARN_BOOL_CONVERSION = YES;
				CLANG_WARN_COMMA = YES;
				CLANG_WARN_CONSTANT_CONVERSION = YES;
				CLANG_WARN_DEPRECATED_OBJC_IMPLEMENTATIONS = YES;
				CLANG_WARN_DIRECT_OBJC_ISA_USAGE = YES_ERROR;
				CLANG_WARN_DOCUMENTATION_COMMENTS = YES;
				CLANG_WARN_EMPTY_BODY = YES;
				CLANG_WARN_ENUM_CONVERSION = YES;
				CLANG_WARN_INFINITE_RECURSION = YES;
				CLANG_WARN_INT_CONVERSION = YES;
				CLANG_WARN_NON_LITERAL_NULL_CONVERSION = YES;
				CLANG_WARN_OBJC_IMPLICIT_RETAIN_SELF = YES;
				CLANG_WARN_OBJC_LITERAL_CONVERSION = YES;
				CLANG_WARN_OBJC_ROOT_CLASS = YES_ERROR;
				CLANG_WARN_QUOTED_INCLUDE_IN_FRAMEWORK_HEADER = YES;
				CLANG_WARN_RANGE_LOOP_ANALYSIS = YES;
				CLANG_WARN_STRICT_PROTOTYPES = YES;
				CLANG_WARN_SUSPICIOUS_MOVE = YES;
				CLANG_WARN_UNGUARDED_AVAILABILITY = YES_AGGRESSIVE;
				CLANG_WARN_UNREACHABLE_CODE = YES;
				CLANG_WARN__DUPLICATE_METHOD_MATCH = YES;
				COPY_PHASE_STRIP = NO;
				DEBUG_INFORMATION_FORMAT = "dwarf-with-dsym";
				DEVELOPMENT_TEAM = PU96FA4AYM;
				ENABLE_NS_ASSERTIONS = NO;
				ENABLE_STRICT_OBJC_MSGSEND = YES;
				ENABLE_USER_SCRIPT_SANDBOXING = YES;
				GCC_C_LANGUAGE_STANDARD = gnu17;
				GCC_NO_COMMON_BLOCKS = YES;
				GCC_WARN_64_TO_32_BIT_CONVERSION = YES;
				GCC_WARN_ABOUT_RETURN_TYPE = YES_ERROR;
				GCC_WARN_UNDECLARED_SELECTOR = YES;
				GCC_WARN_UNINITIALIZED_AUTOS = YES_AGGRESSIVE;
				GCC_WARN_UNUSED_FUNCTION = YES;
				GCC_WARN_UNUSED_VARIABLE = YES;
				LOCALIZATION_PREFERS_STRING_CATALOGS = YES;
				MACOSX_DEPLOYMENT_TARGET = 26.2;
				MTL_ENABLE_DEBUG_INFO = NO;
				MTL_FAST_MATH = YES;
				SDKROOT = macosx;
				SWIFT_COMPILATION_MODE = wholemodule;
			};
			name = Release;
		};
		049E8AD02F30E7BE007BAB05 /* Debug */ = {
			isa = XCBuildConfiguration;
			buildSettings = {
				ASSETCATALOG_COMPILER_APPICON_NAME = AppIcon;
				ASSETCATALOG_COMPILER_GLOBAL_ACCENT_COLOR_NAME = AccentColor;
				CODE_SIGN_STYLE = Automatic;
				COMBINE_HIDPI_IMAGES = YES;
				CURRENT_PROJECT_VERSION = 1;
				DEVELOPMENT_TEAM = PU96FA4AYM;
				ENABLE_APP_SANDBOX = NO;
				ENABLE_HARDENED_RUNTIME = YES;
				ENABLE_PREVIEWS = YES;
				GENERATE_INFOPLIST_FILE = YES;
				INFOPLIST_KEY_NSHumanReadableCopyright = "";
				LD_RUNPATH_SEARCH_PATHS = (
					"$(inherited)",
					"@executable_path/../Frameworks",
				);
				MARKETING_VERSION = 1.0;
				PRODUCT_BUNDLE_IDENTIFIER = com.blogspot.gekisoba.Kiko;
				PRODUCT_NAME = "$(TARGET_NAME)";
				REGISTER_APP_GROUPS = YES;
				STRING_CATALOG_GENERATE_SYMBOLS = YES;
				SWIFT_APPROACHABLE_CONCURRENCY = YES;
				SWIFT_DEFAULT_ACTOR_ISOLATION = MainActor;
				SWIFT_EMIT_LOC_STRINGS = YES;
				SWIFT_UPCOMING_FEATURE_MEMBER_IMPORT_VISIBILITY = YES;
				SWIFT_VERSION = 5.0;
			};
			name = Debug;
		};
		049E8AD12F30E7BE007BAB05 /* Release */ = {
			isa = XCBuildConfiguration;
			buildSettings = {
				ASSETCATALOG_COMPILER_APPICON_NAME = AppIcon;
				ASSETCATALOG_COMPILER_GLOBAL_ACCENT_COLOR_NAME = AccentColor;
				CODE_SIGN_STYLE = Automatic;
				COMBINE_HIDPI_IMAGES = YES;
				CURRENT_PROJECT_VERSION = 1;
				DEVELOPMENT_TEAM = PU96FA4AYM;
				ENABLE_APP_SANDBOX = NO;
				ENABLE_HARDENED_RUNTIME = YES;
				ENABLE_PREVIEWS = YES;
				GENERATE_INFOPLIST_FILE = YES;
				INFOPLIST_KEY_NSHumanReadableCopyright = "";
				LD_RUNPATH_SEARCH_PATHS = (
					"$(inherited)",
					"@executable_path/../Frameworks",
				);
				MARKETING_VERSION = 1.0;
				PRODUCT_BUNDLE_IDENTIFIER = com.blogspot.gekisoba.Kiko;
				PRODUCT_NAME = "$(TARGET_NAME)";
				REGISTER_APP_GROUPS = YES;
				STRING_CATALOG_GENERATE_SYMBOLS = YES;
				SWIFT_APPROACHABLE_CONCURRENCY = YES;
				SWIFT_DEFAULT_ACTOR_ISOLATION = MainActor;
				SWIFT_EMIT_LOC_STRINGS = YES;
				SWIFT_UPCOMING_FEATURE_MEMBER_IMPORT_VISIBILITY = YES;
				SWIFT_VERSION = 5.0;
			};
			name = Release;
		};
		049E8AD32F30E7BE007BAB05 /* Debug */ = {
			isa = XCBuildConfiguration;
			buildSettings = {
				BUNDLE_LOADER = "$(TEST_HOST)";
				CODE_SIGN_STYLE = Automatic;
				CURRENT_PROJECT_VERSION = 1;
				DEVELOPMENT_TEAM = PU96FA4AYM;
				GENERATE_INFOPLIST_FILE = YES;
				MACOSX_DEPLOYMENT_TARGET = 26.2;
				MARKETING_VERSION = 1.0;
				PRODUCT_BUNDLE_IDENTIFIER = com.blogspot.gekisoba.KikoTests;
				PRODUCT_NAME = "$(TARGET_NAME)";
				STRING_CATALOG_GENERATE_SYMBOLS = NO;
				SWIFT_APPROACHABLE_CONCURRENCY = YES;
				SWIFT_EMIT_LOC_STRINGS = NO;
				SWIFT_UPCOMING_FEATURE_MEMBER_IMPORT_VISIBILITY = YES;
				SWIFT_VERSION = 5.0;
				TEST_HOST = "$(BUILT_PRODUCTS_DIR)/Kiko.app/$(BUNDLE_EXECUTABLE_FOLDER_PATH)/Kiko";
			};
			name = Debug;
		};
		049E8AD42F30E7BE007BAB05 /* Release */ = {
			isa = XCBuildConfiguration;
			buildSettings = {
				BUNDLE_LOADER = "$(TEST_HOST)";
				CODE_SIGN_STYLE = Automatic;
				CURRENT_PROJECT_VERSION = 1;
				DEVELOPMENT_TEAM = PU96FA4AYM;
				GENERATE_INFOPLIST_FILE = YES;
				MACOSX_DEPLOYMENT_TARGET = 26.2;
				MARKETING_VERSION = 1.0;
				PRODUCT_BUNDLE_IDENTIFIER = com.blogspot.gekisoba.KikoTests;
				PRODUCT_NAME = "$(TARGET_NAME)";
				STRING_CATALOG_GENERATE_SYMBOLS = NO;
				SWIFT_APPROACHABLE_CONCURRENCY = YES;
				SWIFT_EMIT_LOC_STRINGS = NO;
				SWIFT_UPCOMING_FEATURE_MEMBER_IMPORT_VISIBILITY = YES;
				SWIFT_VERSION = 5.0;
				TEST_HOST = "$(BUILT_PRODUCTS_DIR)/Kiko.app/$(BUNDLE_EXECUTABLE_FOLDER_PATH)/Kiko";
			};
			name = Release;
		};
		049E8AD62F30E7BE007BAB05 /* Debug */ = {
			isa = XCBuildConfiguration;
			buildSettings = {
				CODE_SIGN_STYLE = Automatic;
				CURRENT_PROJECT_VERSION = 1;
				DEVELOPMENT_TEAM = PU96FA4AYM;
				GENERATE_INFOPLIST_FILE = YES;
				MARKETING_VERSION = 1.0;
				PRODUCT_BUNDLE_IDENTIFIER = com.blogspot.gekisoba.KikoUITests;
				PRODUCT_NAME = "$(TARGET_NAME)";
				STRING_CATALOG_GENERATE_SYMBOLS = NO;
				SWIFT_APPROACHABLE_CONCURRENCY = YES;
				SWIFT_EMIT_LOC_STRINGS = NO;
				SWIFT_UPCOMING_FEATURE_MEMBER_IMPORT_VISIBILITY = YES;
				SWIFT_VERSION = 5.0;
				TEST_TARGET_NAME = Kiko;
			};
			name = Debug;
		};
		049E8AD72F30E7BE007BAB05 /* Release */ = {
			isa = XCBuildConfiguration;
			buildSettings = {
				CODE_SIGN_STYLE = Automatic;
				CURRENT_PROJECT_VERSION = 1;
				DEVELOPMENT_TEAM = PU96FA4AYM;
				GENERATE_INFOPLIST_FILE = YES;
				MARKETING_VERSION = 1.0;
				PRODUCT_BUNDLE_IDENTIFIER = com.blogspot.gekisoba.KikoUITests;
				PRODUCT_NAME = "$(TARGET_NAME)";
				STRING_CATALOG_GENERATE_SYMBOLS = NO;
				SWIFT_APPROACHABLE_CONCURRENCY = YES;
				SWIFT_EMIT_LOC_STRINGS = NO;
				SWIFT_UPCOMING_FEATURE_MEMBER_IMPORT_VISIBILITY = YES;
				SWIFT_VERSION = 5.0;
				TEST_TARGET_NAME = Kiko;
			};
			name = Release;
		};
/* End XCBuildConfiguration section */

/* Begin XCConfigurationList section */
		049E8AA92F30E7BD007BAB05 /* Build configuration list for PBXProject "Kiko" */ = {
			isa = XCConfigurationList;
			buildConfigurations = (
				049E8ACD2F30E7BE007BAB05 /* Debug */,
				049E8ACE2F30E7BE007BAB05 /* Release */,
			);
			defaultConfigurationIsVisible = 0;
			defaultConfigurationName = Release;
		};
		049E8ACF2F30E7BE007BAB05 /* Build configuration list for PBXNativeTarget "Kiko" */ = {
			isa = XCConfigurationList;
			buildConfigurations = (
				049E8AD02F30E7BE007BAB05 /* Debug */,
				049E8AD12F30E7BE007BAB05 /* Release */,
			);
			defaultConfigurationIsVisible = 0;
			defaultConfigurationName = Release;
		};
		049E8AD22F30E7BE007BAB05 /* Build configuration list for PBXNativeTarget "KikoTests" */ = {
			isa = XCConfigurationList;
			buildConfigurations = (
				049E8AD32F30E7BE007BAB05 /* Debug */,
				049E8AD42F30E7BE007BAB05 /* Release */,
			);
			defaultConfigurationIsVisible = 0;
			defaultConfigurationName = Release;
		};
		049E8AD52F30E7BE007BAB05 /* Build configuration list for PBXNativeTarget "KikoUITests" */ = {
			isa = XCConfigurationList;
			buildConfigurations = (
				049E8AD62F30E7BE007BAB05 /* Debug */,
				049E8AD72F30E7BE007BAB05 /* Release */,
			);
			defaultConfigurationIsVisible = 0;
			defaultConfigurationName = Release;
		};
/* End XCConfigurationList section */
	};
	rootObject = 049E8AA62F30E7BD007BAB05 /* Project object */;
}
